// !$*UTF8*$!
{
	archiveVersion = 1;
	classes = {
	};
	objectVersion = 46;
	objects = {

/* Begin PBXBuildFile section */
		17053D791C630AD400C3B412 /* Tutorial.storyboard in Resources */ = {isa = PBXBuildFile; fileRef = 17053D781C630AD400C3B412 /* Tutorial.storyboard */; };
		17053D7C1C630C2D00C3B412 /* TutorialNameVC.swift in Sources */ = {isa = PBXBuildFile; fileRef = 17053D7B1C630C2D00C3B412 /* TutorialNameVC.swift */; };
		17053D7E1C630C4100C3B412 /* TutorialSetVC.swift in Sources */ = {isa = PBXBuildFile; fileRef = 17053D7D1C630C4100C3B412 /* TutorialSetVC.swift */; };
		17053D801C630C4F00C3B412 /* TutorialDemoVC.swift in Sources */ = {isa = PBXBuildFile; fileRef = 17053D7F1C630C4F00C3B412 /* TutorialDemoVC.swift */; };
		17053D821C630C7300C3B412 /* TutorialLastVC.swift in Sources */ = {isa = PBXBuildFile; fileRef = 17053D811C630C7300C3B412 /* TutorialLastVC.swift */; };
		1734D6631D47E46B002466B4 /* WhateverItTakes.ttf in Resources */ = {isa = PBXBuildFile; fileRef = 1734D6621D47E465002466B4 /* WhateverItTakes.ttf */; };
		175651311D9AB1E60061480C /* LockNotifierCallback.m in Sources */ = {isa = PBXBuildFile; fileRef = 175651301D9AB1E60061480C /* LockNotifierCallback.m */; };
		17769A6D1DC2F7FA00552E20 /* FishManager.swift in Sources */ = {isa = PBXBuildFile; fileRef = 17769A6C1DC2F7FA00552E20 /* FishManager.swift */; };
		178B9CFF1C5F0DB60074A077 /* AppDelegate.swift in Sources */ = {isa = PBXBuildFile; fileRef = 178B9CFE1C5F0DB60074A077 /* AppDelegate.swift */; };
		178B9D011C5F0DB60074A077 /* SelectTimeVC.swift in Sources */ = {isa = PBXBuildFile; fileRef = 178B9D001C5F0DB60074A077 /* SelectTimeVC.swift */; };
		178B9D041C5F0DB60074A077 /* Main.storyboard in Resources */ = {isa = PBXBuildFile; fileRef = 178B9D021C5F0DB60074A077 /* Main.storyboard */; };
		178B9D071C5F0DB70074A077 /* zone_in.xcdatamodeld in Sources */ = {isa = PBXBuildFile; fileRef = 178B9D051C5F0DB60074A077 /* zone_in.xcdatamodeld */; };
		178B9D091C5F0DB70074A077 /* Assets.xcassets in Resources */ = {isa = PBXBuildFile; fileRef = 178B9D081C5F0DB70074A077 /* Assets.xcassets */; };
		178B9D0C1C5F0DB70074A077 /* LaunchScreen.storyboard in Resources */ = {isa = PBXBuildFile; fileRef = 178B9D0A1C5F0DB70074A077 /* LaunchScreen.storyboard */; };
		178B9D171C5F0DB70074A077 /* zone_inTests.swift in Sources */ = {isa = PBXBuildFile; fileRef = 178B9D161C5F0DB70074A077 /* zone_inTests.swift */; };
		178B9D221C5F0DB70074A077 /* zone_inUITests.swift in Sources */ = {isa = PBXBuildFile; fileRef = 178B9D211C5F0DB70074A077 /* zone_inUITests.swift */; };
		178B9D301C5F0EF80074A077 /* MainTimerVC.swift in Sources */ = {isa = PBXBuildFile; fileRef = 178B9D2F1C5F0EF80074A077 /* MainTimerVC.swift */; };
		178DB63D1DC06685006334E1 /* View+Animation.swift in Sources */ = {isa = PBXBuildFile; fileRef = 178DB63C1DC06685006334E1 /* View+Animation.swift */; };
		17F26BD11C611FBD009FACFB /* Singleton.swift in Sources */ = {isa = PBXBuildFile; fileRef = 17F26BD01C611FBD009FACFB /* Singleton.swift */; };
		17F7E8E31C69A663005DE1AB /* Bauhaus93.ttf in Resources */ = {isa = PBXBuildFile; fileRef = 17F7E8E21C69A408005DE1AB /* Bauhaus93.ttf */; };
		17FD288D1C75099C00F6471C /* ToolsManager.swift in Sources */ = {isa = PBXBuildFile; fileRef = 17FD288C1C75099C00F6471C /* ToolsManager.swift */; };
		17FD288F1C7516A500F6471C /* Aquarium.storyboard in Resources */ = {isa = PBXBuildFile; fileRef = 17FD288E1C7516A500F6471C /* Aquarium.storyboard */; };
		17FD28911C75182B00F6471C /* AquariumVC.swift in Sources */ = {isa = PBXBuildFile; fileRef = 17FD28901C75182B00F6471C /* AquariumVC.swift */; };
		17FD29751C75572A00F6471C /* water0.png in Resources */ = {isa = PBXBuildFile; fileRef = 17FD295E1C75572A00F6471C /* water0.png */; };
		17FD29761C75572A00F6471C /* water1.png in Resources */ = {isa = PBXBuildFile; fileRef = 17FD295F1C75572A00F6471C /* water1.png */; };
		17FD29771C75572A00F6471C /* water2.png in Resources */ = {isa = PBXBuildFile; fileRef = 17FD29601C75572A00F6471C /* water2.png */; };
		17FD29781C75572A00F6471C /* water3.png in Resources */ = {isa = PBXBuildFile; fileRef = 17FD29611C75572A00F6471C /* water3.png */; };
		17FD29791C75572A00F6471C /* water4.png in Resources */ = {isa = PBXBuildFile; fileRef = 17FD29621C75572A00F6471C /* water4.png */; };
		17FD297A1C75572A00F6471C /* water5.png in Resources */ = {isa = PBXBuildFile; fileRef = 17FD29631C75572A00F6471C /* water5.png */; };
		17FD297B1C75572A00F6471C /* water6.png in Resources */ = {isa = PBXBuildFile; fileRef = 17FD29641C75572A00F6471C /* water6.png */; };
		17FD297C1C75572A00F6471C /* water7.png in Resources */ = {isa = PBXBuildFile; fileRef = 17FD29651C75572A00F6471C /* water7.png */; };
		17FD297D1C75572A00F6471C /* water8.png in Resources */ = {isa = PBXBuildFile; fileRef = 17FD29661C75572A00F6471C /* water8.png */; };
		17FD297E1C75572A00F6471C /* water9.png in Resources */ = {isa = PBXBuildFile; fileRef = 17FD29671C75572A00F6471C /* water9.png */; };
		17FD297F1C75572A00F6471C /* water10.png in Resources */ = {isa = PBXBuildFile; fileRef = 17FD29681C75572A00F6471C /* water10.png */; };
		17FD29801C75572A00F6471C /* water11.png in Resources */ = {isa = PBXBuildFile; fileRef = 17FD29691C75572A00F6471C /* water11.png */; };
		17FD29811C75572A00F6471C /* water12.png in Resources */ = {isa = PBXBuildFile; fileRef = 17FD296A1C75572A00F6471C /* water12.png */; };
		17FD29821C75572A00F6471C /* water13.png in Resources */ = {isa = PBXBuildFile; fileRef = 17FD296B1C75572A00F6471C /* water13.png */; };
		17FD29831C75572A00F6471C /* water14.png in Resources */ = {isa = PBXBuildFile; fileRef = 17FD296C1C75572A00F6471C /* water14.png */; };
		17FD29841C75572A00F6471C /* water15.png in Resources */ = {isa = PBXBuildFile; fileRef = 17FD296D1C75572A00F6471C /* water15.png */; };
		17FD29851C75572A00F6471C /* water16.png in Resources */ = {isa = PBXBuildFile; fileRef = 17FD296E1C75572A00F6471C /* water16.png */; };
		17FD29861C75572A00F6471C /* water17.png in Resources */ = {isa = PBXBuildFile; fileRef = 17FD296F1C75572A00F6471C /* water17.png */; };
		17FD29871C75572A00F6471C /* water18.png in Resources */ = {isa = PBXBuildFile; fileRef = 17FD29701C75572A00F6471C /* water18.png */; };
		17FD29881C75572A00F6471C /* water19.png in Resources */ = {isa = PBXBuildFile; fileRef = 17FD29711C75572A00F6471C /* water19.png */; };
		17FD29891C75572A00F6471C /* water20.png in Resources */ = {isa = PBXBuildFile; fileRef = 17FD29721C75572A00F6471C /* water20.png */; };
		17FD298A1C75572A00F6471C /* water21.png in Resources */ = {isa = PBXBuildFile; fileRef = 17FD29731C75572A00F6471C /* water21.png */; };
		17FD298B1C75572A00F6471C /* water22.png in Resources */ = {isa = PBXBuildFile; fileRef = 17FD29741C75572A00F6471C /* water22.png */; };
		17FD29BD1C755AAC00F6471C /* SucceedVC.swift in Sources */ = {isa = PBXBuildFile; fileRef = 17FD29BC1C755AAC00F6471C /* SucceedVC.swift */; };
		17FD29BF1C755ACE00F6471C /* FailedVC.swift in Sources */ = {isa = PBXBuildFile; fileRef = 17FD29BE1C755ACE00F6471C /* FailedVC.swift */; };
/* End PBXBuildFile section */

/* Begin PBXContainerItemProxy section */
		178B9D131C5F0DB70074A077 /* PBXContainerItemProxy */ = {
			isa = PBXContainerItemProxy;
			containerPortal = 178B9CF31C5F0DB60074A077 /* Project object */;
			proxyType = 1;
			remoteGlobalIDString = 178B9CFA1C5F0DB60074A077;
			remoteInfo = "zone-in";
		};
		178B9D1E1C5F0DB70074A077 /* PBXContainerItemProxy */ = {
			isa = PBXContainerItemProxy;
			containerPortal = 178B9CF31C5F0DB60074A077 /* Project object */;
			proxyType = 1;
			remoteGlobalIDString = 178B9CFA1C5F0DB60074A077;
			remoteInfo = "zone-in";
		};
/* End PBXContainerItemProxy section */

/* Begin PBXFileReference section */
		17053D781C630AD400C3B412 /* Tutorial.storyboard */ = {isa = PBXFileReference; fileEncoding = 4; lastKnownFileType = file.storyboard; path = Tutorial.storyboard; sourceTree = "<group>"; };
		17053D7B1C630C2D00C3B412 /* TutorialNameVC.swift */ = {isa = PBXFileReference; fileEncoding = 4; lastKnownFileType = sourcecode.swift; path = TutorialNameVC.swift; sourceTree = "<group>"; };
		17053D7D1C630C4100C3B412 /* TutorialSetVC.swift */ = {isa = PBXFileReference; fileEncoding = 4; lastKnownFileType = sourcecode.swift; path = TutorialSetVC.swift; sourceTree = "<group>"; };
		17053D7F1C630C4F00C3B412 /* TutorialDemoVC.swift */ = {isa = PBXFileReference; fileEncoding = 4; lastKnownFileType = sourcecode.swift; path = TutorialDemoVC.swift; sourceTree = "<group>"; };
		17053D811C630C7300C3B412 /* TutorialLastVC.swift */ = {isa = PBXFileReference; fileEncoding = 4; lastKnownFileType = sourcecode.swift; path = TutorialLastVC.swift; sourceTree = "<group>"; };
		1734D6621D47E465002466B4 /* WhateverItTakes.ttf */ = {isa = PBXFileReference; lastKnownFileType = file; path = WhateverItTakes.ttf; sourceTree = "<group>"; };
		1756512F1D9AB1E60061480C /* zone-in-Bridging-Header.h */ = {isa = PBXFileReference; lastKnownFileType = sourcecode.c.h; path = "zone-in-Bridging-Header.h"; sourceTree = "<group>"; };
		175651301D9AB1E60061480C /* LockNotifierCallback.m */ = {isa = PBXFileReference; fileEncoding = 4; lastKnownFileType = sourcecode.c.objc; path = LockNotifierCallback.m; sourceTree = "<group>"; };
		175651321D9AB2110061480C /* LockNotifierCallback.h */ = {isa = PBXFileReference; lastKnownFileType = sourcecode.c.h; path = LockNotifierCallback.h; sourceTree = "<group>"; };
		17769A6C1DC2F7FA00552E20 /* FishManager.swift */ = {isa = PBXFileReference; fileEncoding = 4; lastKnownFileType = sourcecode.swift; path = FishManager.swift; sourceTree = "<group>"; };
		178B9CFB1C5F0DB60074A077 /* zone-in.app */ = {isa = PBXFileReference; explicitFileType = wrapper.application; includeInIndex = 0; path = "zone-in.app"; sourceTree = BUILT_PRODUCTS_DIR; };
		178B9CFE1C5F0DB60074A077 /* AppDelegate.swift */ = {isa = PBXFileReference; lastKnownFileType = sourcecode.swift; path = AppDelegate.swift; sourceTree = "<group>"; };
		178B9D001C5F0DB60074A077 /* SelectTimeVC.swift */ = {isa = PBXFileReference; lastKnownFileType = sourcecode.swift; path = SelectTimeVC.swift; sourceTree = "<group>"; };
		178B9D031C5F0DB60074A077 /* Base */ = {isa = PBXFileReference; lastKnownFileType = file.storyboard; name = Base; path = Base.lproj/Main.storyboard; sourceTree = "<group>"; };
		178B9D061C5F0DB60074A077 /* zone_in.xcdatamodel */ = {isa = PBXFileReference; lastKnownFileType = wrapper.xcdatamodel; path = zone_in.xcdatamodel; sourceTree = "<group>"; };
		178B9D081C5F0DB70074A077 /* Assets.xcassets */ = {isa = PBXFileReference; lastKnownFileType = folder.assetcatalog; path = Assets.xcassets; sourceTree = "<group>"; };
		178B9D0B1C5F0DB70074A077 /* Base */ = {isa = PBXFileReference; lastKnownFileType = file.storyboard; name = Base; path = Base.lproj/LaunchScreen.storyboard; sourceTree = "<group>"; };
		178B9D0D1C5F0DB70074A077 /* Info.plist */ = {isa = PBXFileReference; lastKnownFileType = text.plist.xml; path = Info.plist; sourceTree = "<group>"; };
		178B9D121C5F0DB70074A077 /* zone-inTests.xctest */ = {isa = PBXFileReference; explicitFileType = wrapper.cfbundle; includeInIndex = 0; path = "zone-inTests.xctest"; sourceTree = BUILT_PRODUCTS_DIR; };
		178B9D161C5F0DB70074A077 /* zone_inTests.swift */ = {isa = PBXFileReference; lastKnownFileType = sourcecode.swift; path = zone_inTests.swift; sourceTree = "<group>"; };
		178B9D181C5F0DB70074A077 /* Info.plist */ = {isa = PBXFileReference; lastKnownFileType = text.plist.xml; path = Info.plist; sourceTree = "<group>"; };
		178B9D1D1C5F0DB70074A077 /* zone-inUITests.xctest */ = {isa = PBXFileReference; explicitFileType = wrapper.cfbundle; includeInIndex = 0; path = "zone-inUITests.xctest"; sourceTree = BUILT_PRODUCTS_DIR; };
		178B9D211C5F0DB70074A077 /* zone_inUITests.swift */ = {isa = PBXFileReference; lastKnownFileType = sourcecode.swift; path = zone_inUITests.swift; sourceTree = "<group>"; };
		178B9D231C5F0DB70074A077 /* Info.plist */ = {isa = PBXFileReference; lastKnownFileType = text.plist.xml; path = Info.plist; sourceTree = "<group>"; };
		178B9D2F1C5F0EF80074A077 /* MainTimerVC.swift */ = {isa = PBXFileReference; fileEncoding = 4; lastKnownFileType = sourcecode.swift; path = MainTimerVC.swift; sourceTree = "<group>"; };
		178DB63C1DC06685006334E1 /* View+Animation.swift */ = {isa = PBXFileReference; fileEncoding = 4; lastKnownFileType = sourcecode.swift; path = "View+Animation.swift"; sourceTree = "<group>"; };
		17F26BD01C611FBD009FACFB /* Singleton.swift */ = {isa = PBXFileReference; fileEncoding = 4; lastKnownFileType = sourcecode.swift; path = Singleton.swift; sourceTree = "<group>"; };
		17F7E8E21C69A408005DE1AB /* Bauhaus93.ttf */ = {isa = PBXFileReference; lastKnownFileType = file; path = Bauhaus93.ttf; sourceTree = "<group>"; };
		17FD288C1C75099C00F6471C /* ToolsManager.swift */ = {isa = PBXFileReference; fileEncoding = 4; lastKnownFileType = sourcecode.swift; path = ToolsManager.swift; sourceTree = "<group>"; };
		17FD288E1C7516A500F6471C /* Aquarium.storyboard */ = {isa = PBXFileReference; fileEncoding = 4; lastKnownFileType = file.storyboard; path = Aquarium.storyboard; sourceTree = "<group>"; };
		17FD28901C75182B00F6471C /* AquariumVC.swift */ = {isa = PBXFileReference; fileEncoding = 4; lastKnownFileType = sourcecode.swift; path = AquariumVC.swift; sourceTree = "<group>"; };
		17FD295E1C75572A00F6471C /* water0.png */ = {isa = PBXFileReference; lastKnownFileType = image.png; name = water0.png; path = "images/water&tank/water0.png"; sourceTree = "<group>"; };
		17FD295F1C75572A00F6471C /* water1.png */ = {isa = PBXFileReference; lastKnownFileType = image.png; name = water1.png; path = "images/water&tank/water1.png"; sourceTree = "<group>"; };
		17FD29601C75572A00F6471C /* water2.png */ = {isa = PBXFileReference; lastKnownFileType = image.png; name = water2.png; path = "images/water&tank/water2.png"; sourceTree = "<group>"; };
		17FD29611C75572A00F6471C /* water3.png */ = {isa = PBXFileReference; lastKnownFileType = image.png; name = water3.png; path = "images/water&tank/water3.png"; sourceTree = "<group>"; };
		17FD29621C75572A00F6471C /* water4.png */ = {isa = PBXFileReference; lastKnownFileType = image.png; name = water4.png; path = "images/water&tank/water4.png"; sourceTree = "<group>"; };
		17FD29631C75572A00F6471C /* water5.png */ = {isa = PBXFileReference; lastKnownFileType = image.png; name = water5.png; path = "images/water&tank/water5.png"; sourceTree = "<group>"; };
		17FD29641C75572A00F6471C /* water6.png */ = {isa = PBXFileReference; lastKnownFileType = image.png; name = water6.png; path = "images/water&tank/water6.png"; sourceTree = "<group>"; };
		17FD29651C75572A00F6471C /* water7.png */ = {isa = PBXFileReference; lastKnownFileType = image.png; name = water7.png; path = "images/water&tank/water7.png"; sourceTree = "<group>"; };
		17FD29661C75572A00F6471C /* water8.png */ = {isa = PBXFileReference; lastKnownFileType = image.png; name = water8.png; path = "images/water&tank/water8.png"; sourceTree = "<group>"; };
		17FD29671C75572A00F6471C /* water9.png */ = {isa = PBXFileReference; lastKnownFileType = image.png; name = water9.png; path = "images/water&tank/water9.png"; sourceTree = "<group>"; };
		17FD29681C75572A00F6471C /* water10.png */ = {isa = PBXFileReference; lastKnownFileType = image.png; name = water10.png; path = "images/water&tank/water10.png"; sourceTree = "<group>"; };
		17FD29691C75572A00F6471C /* water11.png */ = {isa = PBXFileReference; lastKnownFileType = image.png; name = water11.png; path = "images/water&tank/water11.png"; sourceTree = "<group>"; };
		17FD296A1C75572A00F6471C /* water12.png */ = {isa = PBXFileReference; lastKnownFileType = image.png; name = water12.png; path = "images/water&tank/water12.png"; sourceTree = "<group>"; };
		17FD296B1C75572A00F6471C /* water13.png */ = {isa = PBXFileReference; lastKnownFileType = image.png; name = water13.png; path = "images/water&tank/water13.png"; sourceTree = "<group>"; };
		17FD296C1C75572A00F6471C /* water14.png */ = {isa = PBXFileReference; lastKnownFileType = image.png; name = water14.png; path = "images/water&tank/water14.png"; sourceTree = "<group>"; };
		17FD296D1C75572A00F6471C /* water15.png */ = {isa = PBXFileReference; lastKnownFileType = image.png; name = water15.png; path = "images/water&tank/water15.png"; sourceTree = "<group>"; };
		17FD296E1C75572A00F6471C /* water16.png */ = {isa = PBXFileReference; lastKnownFileType = image.png; name = water16.png; path = "images/water&tank/water16.png"; sourceTree = "<group>"; };
		17FD296F1C75572A00F6471C /* water17.png */ = {isa = PBXFileReference; lastKnownFileType = image.png; name = water17.png; path = "images/water&tank/water17.png"; sourceTree = "<group>"; };
		17FD29701C75572A00F6471C /* water18.png */ = {isa = PBXFileReference; lastKnownFileType = image.png; name = water18.png; path = "images/water&tank/water18.png"; sourceTree = "<group>"; };
		17FD29711C75572A00F6471C /* water19.png */ = {isa = PBXFileReference; lastKnownFileType = image.png; name = water19.png; path = "images/water&tank/water19.png"; sourceTree = "<group>"; };
		17FD29721C75572A00F6471C /* water20.png */ = {isa = PBXFileReference; lastKnownFileType = image.png; name = water20.png; path = "images/water&tank/water20.png"; sourceTree = "<group>"; };
		17FD29731C75572A00F6471C /* water21.png */ = {isa = PBXFileReference; lastKnownFileType = image.png; name = water21.png; path = "images/water&tank/water21.png"; sourceTree = "<group>"; };
		17FD29741C75572A00F6471C /* water22.png */ = {isa = PBXFileReference; lastKnownFileType = image.png; name = water22.png; path = "images/water&tank/water22.png"; sourceTree = "<group>"; };
		17FD29BC1C755AAC00F6471C /* SucceedVC.swift */ = {isa = PBXFileReference; fileEncoding = 4; lastKnownFileType = sourcecode.swift; path = SucceedVC.swift; sourceTree = "<group>"; };
		17FD29BE1C755ACE00F6471C /* FailedVC.swift */ = {isa = PBXFileReference; fileEncoding = 4; lastKnownFileType = sourcecode.swift; path = FailedVC.swift; sourceTree = "<group>"; };
/* End PBXFileReference section */

/* Begin PBXFrameworksBuildPhase section */
		178B9CF81C5F0DB60074A077 /* Frameworks */ = {
			isa = PBXFrameworksBuildPhase;
			buildActionMask = 2147483647;
			files = (
			);
			runOnlyForDeploymentPostprocessing = 0;
		};
		178B9D0F1C5F0DB70074A077 /* Frameworks */ = {
			isa = PBXFrameworksBuildPhase;
			buildActionMask = 2147483647;
			files = (
			);
			runOnlyForDeploymentPostprocessing = 0;
		};
		178B9D1A1C5F0DB70074A077 /* Frameworks */ = {
			isa = PBXFrameworksBuildPhase;
			buildActionMask = 2147483647;
			files = (
			);
			runOnlyForDeploymentPostprocessing = 0;
		};
/* End PBXFrameworksBuildPhase section */

/* Begin PBXGroup section */
		17053D7A1C630AE500C3B412 /* CoreGroup */ = {
			isa = PBXGroup;
			children = (
				178B9D001C5F0DB60074A077 /* SelectTimeVC.swift */,
				178B9D2F1C5F0EF80074A077 /* MainTimerVC.swift */,
				17FD29BC1C755AAC00F6471C /* SucceedVC.swift */,
				17FD29BE1C755ACE00F6471C /* FailedVC.swift */,
			);
			name = CoreGroup;
			sourceTree = "<group>";
		};
		17053D831C630C7900C3B412 /* TutorialGroup */ = {
			isa = PBXGroup;
			children = (
				17053D7B1C630C2D00C3B412 /* TutorialNameVC.swift */,
				17053D7D1C630C4100C3B412 /* TutorialSetVC.swift */,
				17053D7F1C630C4F00C3B412 /* TutorialDemoVC.swift */,
				17053D811C630C7300C3B412 /* TutorialLastVC.swift */,
			);
			name = TutorialGroup;
			sourceTree = "<group>";
		};
		17769A6B1DC2F6D500552E20 /* Models */ = {
			isa = PBXGroup;
			children = (
				17769A6C1DC2F7FA00552E20 /* FishManager.swift */,
				17FD288C1C75099C00F6471C /* ToolsManager.swift */,
			);
			name = Models;
			sourceTree = "<group>";
		};
		178B9CF21C5F0DB60074A077 = {
			isa = PBXGroup;
			children = (
				178B9CFD1C5F0DB60074A077 /* zone-in */,
				178B9D151C5F0DB70074A077 /* zone-inTests */,
				178B9D201C5F0DB70074A077 /* zone-inUITests */,
				178B9CFC1C5F0DB60074A077 /* Products */,
			);
			sourceTree = "<group>";
		};
		178B9CFC1C5F0DB60074A077 /* Products */ = {
			isa = PBXGroup;
			children = (
				178B9CFB1C5F0DB60074A077 /* zone-in.app */,
				178B9D121C5F0DB70074A077 /* zone-inTests.xctest */,
				178B9D1D1C5F0DB70074A077 /* zone-inUITests.xctest */,
			);
			name = Products;
			sourceTree = "<group>";
		};
		178B9CFD1C5F0DB60074A077 /* zone-in */ = {
			isa = PBXGroup;
			children = (
				17769A6B1DC2F6D500552E20 /* Models */,
				178DB63B1DC06151006334E1 /* Controllers */,
				178DB63A1DC060F0006334E1 /* Views */,
				17F7E8E11C69A2E3005DE1AB /* Resources */,
				178B9CFE1C5F0DB60074A077 /* AppDelegate.swift */,
				17F26BD01C611FBD009FACFB /* Singleton.swift */,
				175651321D9AB2110061480C /* LockNotifierCallback.h */,
				175651301D9AB1E60061480C /* LockNotifierCallback.m */,
				1756512F1D9AB1E60061480C /* zone-in-Bridging-Header.h */,
				17F7E8DE1C692BC0005DE1AB /* Images */,
				178B9D081C5F0DB70074A077 /* Assets.xcassets */,
				178B9D0A1C5F0DB70074A077 /* LaunchScreen.storyboard */,
				178B9D0D1C5F0DB70074A077 /* Info.plist */,
				178B9D051C5F0DB60074A077 /* zone_in.xcdatamodeld */,
			);
			path = "zone-in";
			sourceTree = "<group>";
		};
		178B9D151C5F0DB70074A077 /* zone-inTests */ = {
			isa = PBXGroup;
			children = (
				178B9D161C5F0DB70074A077 /* zone_inTests.swift */,
				178B9D181C5F0DB70074A077 /* Info.plist */,
			);
			path = "zone-inTests";
			sourceTree = "<group>";
		};
		178B9D201C5F0DB70074A077 /* zone-inUITests */ = {
			isa = PBXGroup;
			children = (
				178B9D211C5F0DB70074A077 /* zone_inUITests.swift */,
				178B9D231C5F0DB70074A077 /* Info.plist */,
			);
			path = "zone-inUITests";
			sourceTree = "<group>";
		};
		178DB63A1DC060F0006334E1 /* Views */ = {
			isa = PBXGroup;
			children = (
				178DB63C1DC06685006334E1 /* View+Animation.swift */,
				178B9D021C5F0DB60074A077 /* Main.storyboard */,
				17053D781C630AD400C3B412 /* Tutorial.storyboard */,
				17FD288E1C7516A500F6471C /* Aquarium.storyboard */,
			);
			name = Views;
			sourceTree = "<group>";
		};
		178DB63B1DC06151006334E1 /* Controllers */ = {
			isa = PBXGroup;
			children = (
				17053D831C630C7900C3B412 /* TutorialGroup */,
				17053D7A1C630AE500C3B412 /* CoreGroup */,
				17FD28891C75094800F6471C /* AquariumGroup */,
			);
			name = Controllers;
			sourceTree = "<group>";
		};
		17F7E8DE1C692BC0005DE1AB /* Images */ = {
			isa = PBXGroup;
			children = (
				17FD28C61C7550DD00F6471C /* waterImages */,
			);
			name = Images;
			sourceTree = "<group>";
		};
		17F7E8E11C69A2E3005DE1AB /* Resources */ = {
			isa = PBXGroup;
			children = (
				17F7E8E21C69A408005DE1AB /* Bauhaus93.ttf */,
				1734D6621D47E465002466B4 /* WhateverItTakes.ttf */,
			);
			name = Resources;
			sourceTree = "<group>";
		};
		17FD28891C75094800F6471C /* AquariumGroup */ = {
			isa = PBXGroup;
			children = (
				17FD28901C75182B00F6471C /* AquariumVC.swift */,
			);
			name = AquariumGroup;
			sourceTree = "<group>";
		};
		17FD28C61C7550DD00F6471C /* waterImages */ = {
			isa = PBXGroup;
			children = (
				17FD295E1C75572A00F6471C /* water0.png */,
				17FD295F1C75572A00F6471C /* water1.png */,
				17FD29601C75572A00F6471C /* water2.png */,
				17FD29611C75572A00F6471C /* water3.png */,
				17FD29621C75572A00F6471C /* water4.png */,
				17FD29631C75572A00F6471C /* water5.png */,
				17FD29641C75572A00F6471C /* water6.png */,
				17FD29651C75572A00F6471C /* water7.png */,
				17FD29661C75572A00F6471C /* water8.png */,
				17FD29671C75572A00F6471C /* water9.png */,
				17FD29681C75572A00F6471C /* water10.png */,
				17FD29691C75572A00F6471C /* water11.png */,
				17FD296A1C75572A00F6471C /* water12.png */,
				17FD296B1C75572A00F6471C /* water13.png */,
				17FD296C1C75572A00F6471C /* water14.png */,
				17FD296D1C75572A00F6471C /* water15.png */,
				17FD296E1C75572A00F6471C /* water16.png */,
				17FD296F1C75572A00F6471C /* water17.png */,
				17FD29701C75572A00F6471C /* water18.png */,
				17FD29711C75572A00F6471C /* water19.png */,
				17FD29721C75572A00F6471C /* water20.png */,
				17FD29731C75572A00F6471C /* water21.png */,
				17FD29741C75572A00F6471C /* water22.png */,
			);
			name = waterImages;
			sourceTree = "<group>";
		};
/* End PBXGroup section */

/* Begin PBXNativeTarget section */
		178B9CFA1C5F0DB60074A077 /* zone-in */ = {
			isa = PBXNativeTarget;
			buildConfigurationList = 178B9D261C5F0DB70074A077 /* Build configuration list for PBXNativeTarget "zone-in" */;
			buildPhases = (
				178B9CF71C5F0DB60074A077 /* Sources */,
				178B9CF81C5F0DB60074A077 /* Frameworks */,
				178B9CF91C5F0DB60074A077 /* Resources */,
			);
			buildRules = (
			);
			dependencies = (
			);
			name = "zone-in";
			productName = "zone-in";
			productReference = 178B9CFB1C5F0DB60074A077 /* zone-in.app */;
			productType = "com.apple.product-type.application";
		};
		178B9D111C5F0DB70074A077 /* zone-inTests */ = {
			isa = PBXNativeTarget;
			buildConfigurationList = 178B9D291C5F0DB70074A077 /* Build configuration list for PBXNativeTarget "zone-inTests" */;
			buildPhases = (
				178B9D0E1C5F0DB70074A077 /* Sources */,
				178B9D0F1C5F0DB70074A077 /* Frameworks */,
				178B9D101C5F0DB70074A077 /* Resources */,
			);
			buildRules = (
			);
			dependencies = (
				178B9D141C5F0DB70074A077 /* PBXTargetDependency */,
			);
			name = "zone-inTests";
			productName = "zone-inTests";
			productReference = 178B9D121C5F0DB70074A077 /* zone-inTests.xctest */;
			productType = "com.apple.product-type.bundle.unit-test";
		};
		178B9D1C1C5F0DB70074A077 /* zone-inUITests */ = {
			isa = PBXNativeTarget;
			buildConfigurationList = 178B9D2C1C5F0DB70074A077 /* Build configuration list for PBXNativeTarget "zone-inUITests" */;
			buildPhases = (
				178B9D191C5F0DB70074A077 /* Sources */,
				178B9D1A1C5F0DB70074A077 /* Frameworks */,
				178B9D1B1C5F0DB70074A077 /* Resources */,
			);
			buildRules = (
			);
			dependencies = (
				178B9D1F1C5F0DB70074A077 /* PBXTargetDependency */,
			);
			name = "zone-inUITests";
			productName = "zone-inUITests";
			productReference = 178B9D1D1C5F0DB70074A077 /* zone-inUITests.xctest */;
			productType = "com.apple.product-type.bundle.ui-testing";
		};
/* End PBXNativeTarget section */

/* Begin PBXProject section */
		178B9CF31C5F0DB60074A077 /* Project object */ = {
			isa = PBXProject;
			attributes = {
				LastSwiftUpdateCheck = 0720;
				LastUpgradeCheck = 0800;
				ORGANIZATIONNAME = Rean;
				TargetAttributes = {
					178B9CFA1C5F0DB60074A077 = {
						CreatedOnToolsVersion = 7.2;
						DevelopmentTeam = DE9LVH9PK3;
						LastSwiftMigration = 0800;
					};
					178B9D111C5F0DB70074A077 = {
						CreatedOnToolsVersion = 7.2;
						LastSwiftMigration = 0800;
						TestTargetID = 178B9CFA1C5F0DB60074A077;
					};
					178B9D1C1C5F0DB70074A077 = {
						CreatedOnToolsVersion = 7.2;
						LastSwiftMigration = 0800;
						TestTargetID = 178B9CFA1C5F0DB60074A077;
					};
				};
			};
			buildConfigurationList = 178B9CF61C5F0DB60074A077 /* Build configuration list for PBXProject "zone-in" */;
			compatibilityVersion = "Xcode 3.2";
			developmentRegion = English;
			hasScannedForEncodings = 0;
			knownRegions = (
				en,
				Base,
			);
			mainGroup = 178B9CF21C5F0DB60074A077;
			productRefGroup = 178B9CFC1C5F0DB60074A077 /* Products */;
			projectDirPath = "";
			projectRoot = "";
			targets = (
				178B9CFA1C5F0DB60074A077 /* zone-in */,
				178B9D111C5F0DB70074A077 /* zone-inTests */,
				178B9D1C1C5F0DB70074A077 /* zone-inUITests */,
			);
		};
/* End PBXProject section */

/* Begin PBXResourcesBuildPhase section */
		178B9CF91C5F0DB60074A077 /* Resources */ = {
			isa = PBXResourcesBuildPhase;
			buildActionMask = 2147483647;
			files = (
				1734D6631D47E46B002466B4 /* WhateverItTakes.ttf in Resources */,
				17F7E8E31C69A663005DE1AB /* Bauhaus93.ttf in Resources */,
				17FD297E1C75572A00F6471C /* water9.png in Resources */,
				178B9D0C1C5F0DB70074A077 /* LaunchScreen.storyboard in Resources */,
				17FD297D1C75572A00F6471C /* water8.png in Resources */,
				17FD297C1C75572A00F6471C /* water7.png in Resources */,
				17FD29781C75572A00F6471C /* water3.png in Resources */,
				17FD288F1C7516A500F6471C /* Aquarium.storyboard in Resources */,
				17FD29821C75572A00F6471C /* water13.png in Resources */,
				17FD298A1C75572A00F6471C /* water21.png in Resources */,
				17FD29811C75572A00F6471C /* water12.png in Resources */,
				17FD298B1C75572A00F6471C /* water22.png in Resources */,
				17FD29881C75572A00F6471C /* water19.png in Resources */,
				17FD29751C75572A00F6471C /* water0.png in Resources */,
				178B9D091C5F0DB70074A077 /* Assets.xcassets in Resources */,
				17FD29851C75572A00F6471C /* water16.png in Resources */,
				17FD29791C75572A00F6471C /* water4.png in Resources */,
				17FD29871C75572A00F6471C /* water18.png in Resources */,
				17FD29771C75572A00F6471C /* water2.png in Resources */,
				17FD297A1C75572A00F6471C /* water5.png in Resources */,
				17053D791C630AD400C3B412 /* Tutorial.storyboard in Resources */,
				17FD29861C75572A00F6471C /* water17.png in Resources */,
				17FD29891C75572A00F6471C /* water20.png in Resources */,
				17FD297B1C75572A00F6471C /* water6.png in Resources */,
				17FD29761C75572A00F6471C /* water1.png in Resources */,
				17FD29801C75572A00F6471C /* water11.png in Resources */,
				178B9D041C5F0DB60074A077 /* Main.storyboard in Resources */,
				17FD297F1C75572A00F6471C /* water10.png in Resources */,
				17FD29831C75572A00F6471C /* water14.png in Resources */,
				17FD29841C75572A00F6471C /* water15.png in Resources */,
			);
			runOnlyForDeploymentPostprocessing = 0;
		};
		178B9D101C5F0DB70074A077 /* Resources */ = {
			isa = PBXResourcesBuildPhase;
			buildActionMask = 2147483647;
			files = (
			);
			runOnlyForDeploymentPostprocessing = 0;
		};
		178B9D1B1C5F0DB70074A077 /* Resources */ = {
			isa = PBXResourcesBuildPhase;
			buildActionMask = 2147483647;
			files = (
			);
			runOnlyForDeploymentPostprocessing = 0;
		};
/* End PBXResourcesBuildPhase section */

/* Begin PBXSourcesBuildPhase section */
		178B9CF71C5F0DB60074A077 /* Sources */ = {
			isa = PBXSourcesBuildPhase;
			buildActionMask = 2147483647;
			files = (
				17FD288D1C75099C00F6471C /* ToolsManager.swift in Sources */,
				17769A6D1DC2F7FA00552E20 /* FishManager.swift in Sources */,
				17FD28911C75182B00F6471C /* AquariumVC.swift in Sources */,
				178B9D011C5F0DB60074A077 /* SelectTimeVC.swift in Sources */,
				175651311D9AB1E60061480C /* LockNotifierCallback.m in Sources */,
				178DB63D1DC06685006334E1 /* View+Animation.swift in Sources */,
				17053D801C630C4F00C3B412 /* TutorialDemoVC.swift in Sources */,
				17FD29BF1C755ACE00F6471C /* FailedVC.swift in Sources */,
				178B9CFF1C5F0DB60074A077 /* AppDelegate.swift in Sources */,
				178B9D071C5F0DB70074A077 /* zone_in.xcdatamodeld in Sources */,
				17053D821C630C7300C3B412 /* TutorialLastVC.swift in Sources */,
				17053D7C1C630C2D00C3B412 /* TutorialNameVC.swift in Sources */,
				17F26BD11C611FBD009FACFB /* Singleton.swift in Sources */,
				17053D7E1C630C4100C3B412 /* TutorialSetVC.swift in Sources */,
				178B9D301C5F0EF80074A077 /* MainTimerVC.swift in Sources */,
				17FD29BD1C755AAC00F6471C /* SucceedVC.swift in Sources */,
			);
			runOnlyForDeploymentPostprocessing = 0;
		};
		178B9D0E1C5F0DB70074A077 /* Sources */ = {
			isa = PBXSourcesBuildPhase;
			buildActionMask = 2147483647;
			files = (
				178B9D171C5F0DB70074A077 /* zone_inTests.swift in Sources */,
			);
			runOnlyForDeploymentPostprocessing = 0;
		};
		178B9D191C5F0DB70074A077 /* Sources */ = {
			isa = PBXSourcesBuildPhase;
			buildActionMask = 2147483647;
			files = (
				178B9D221C5F0DB70074A077 /* zone_inUITests.swift in Sources */,
			);
			runOnlyForDeploymentPostprocessing = 0;
		};
/* End PBXSourcesBuildPhase section */

/* Begin PBXTargetDependency section */
		178B9D141C5F0DB70074A077 /* PBXTargetDependency */ = {
			isa = PBXTargetDependency;
			target = 178B9CFA1C5F0DB60074A077 /* zone-in */;
			targetProxy = 178B9D131C5F0DB70074A077 /* PBXContainerItemProxy */;
		};
		178B9D1F1C5F0DB70074A077 /* PBXTargetDependency */ = {
			isa = PBXTargetDependency;
			target = 178B9CFA1C5F0DB60074A077 /* zone-in */;
			targetProxy = 178B9D1E1C5F0DB70074A077 /* PBXContainerItemProxy */;
		};
/* End PBXTargetDependency section */

/* Begin PBXVariantGroup section */
		178B9D021C5F0DB60074A077 /* Main.storyboard */ = {
			isa = PBXVariantGroup;
			children = (
				178B9D031C5F0DB60074A077 /* Base */,
			);
			name = Main.storyboard;
			sourceTree = "<group>";
		};
		178B9D0A1C5F0DB70074A077 /* LaunchScreen.storyboard */ = {
			isa = PBXVariantGroup;
			children = (
				178B9D0B1C5F0DB70074A077 /* Base */,
			);
			name = LaunchScreen.storyboard;
			sourceTree = "<group>";
		};
/* End PBXVariantGroup section */

/* Begin XCBuildConfiguration section */
		178B9D241C5F0DB70074A077 /* Debug */ = {
			isa = XCBuildConfiguration;
			buildSettings = {
				ALWAYS_SEARCH_USER_PATHS = NO;
				CLANG_CXX_LANGUAGE_STANDARD = "gnu++0x";
				CLANG_CXX_LIBRARY = "libc++";
				CLANG_ENABLE_MODULES = YES;
				CLANG_ENABLE_OBJC_ARC = YES;
				CLANG_WARN_BOOL_CONVERSION = YES;
				CLANG_WARN_CONSTANT_CONVERSION = YES;
				CLANG_WARN_DIRECT_OBJC_ISA_USAGE = YES_ERROR;
				CLANG_WARN_EMPTY_BODY = YES;
				CLANG_WARN_ENUM_CONVERSION = YES;
				CLANG_WARN_INFINITE_RECURSION = YES;
				CLANG_WARN_INT_CONVERSION = YES;
				CLANG_WARN_OBJC_ROOT_CLASS = YES_ERROR;
				CLANG_WARN_SUSPICIOUS_MOVE = YES;
				CLANG_WARN_UNREACHABLE_CODE = YES;
				CLANG_WARN__DUPLICATE_METHOD_MATCH = YES;
				"CODE_SIGN_IDENTITY[sdk=iphoneos*]" = "iPhone Developer";
				COPY_PHASE_STRIP = NO;
				DEBUG_INFORMATION_FORMAT = dwarf;
				ENABLE_STRICT_OBJC_MSGSEND = YES;
				ENABLE_TESTABILITY = YES;
				GCC_C_LANGUAGE_STANDARD = gnu99;
				GCC_DYNAMIC_NO_PIC = NO;
				GCC_NO_COMMON_BLOCKS = YES;
				GCC_OPTIMIZATION_LEVEL = 0;
				GCC_PREPROCESSOR_DEFINITIONS = (
					"DEBUG=1",
					"$(inherited)",
				);
				GCC_WARN_64_TO_32_BIT_CONVERSION = YES;
				GCC_WARN_ABOUT_RETURN_TYPE = YES_ERROR;
				GCC_WARN_UNDECLARED_SELECTOR = YES;
				GCC_WARN_UNINITIALIZED_AUTOS = YES_AGGRESSIVE;
				GCC_WARN_UNUSED_FUNCTION = YES;
				GCC_WARN_UNUSED_VARIABLE = YES;
				IPHONEOS_DEPLOYMENT_TARGET = 8.0;
				MTL_ENABLE_DEBUG_INFO = YES;
				ONLY_ACTIVE_ARCH = YES;
				SDKROOT = iphoneos;
				SWIFT_OPTIMIZATION_LEVEL = "-Onone";
			};
			name = Debug;
		};
		178B9D251C5F0DB70074A077 /* Release */ = {
			isa = XCBuildConfiguration;
			buildSettings = {
				ALWAYS_SEARCH_USER_PATHS = NO;
				CLANG_CXX_LANGUAGE_STANDARD = "gnu++0x";
				CLANG_CXX_LIBRARY = "libc++";
				CLANG_ENABLE_MODULES = YES;
				CLANG_ENABLE_OBJC_ARC = YES;
				CLANG_WARN_BOOL_CONVERSION = YES;
				CLANG_WARN_CONSTANT_CONVERSION = YES;
				CLANG_WARN_DIRECT_OBJC_ISA_USAGE = YES_ERROR;
				CLANG_WARN_EMPTY_BODY = YES;
				CLANG_WARN_ENUM_CONVERSION = YES;
				CLANG_WARN_INFINITE_RECURSION = YES;
				CLANG_WARN_INT_CONVERSION = YES;
				CLANG_WARN_OBJC_ROOT_CLASS = YES_ERROR;
				CLANG_WARN_SUSPICIOUS_MOVE = YES;
				CLANG_WARN_UNREACHABLE_CODE = YES;
				CLANG_WARN__DUPLICATE_METHOD_MATCH = YES;
				"CODE_SIGN_IDENTITY[sdk=iphoneos*]" = "iPhone Developer";
				COPY_PHASE_STRIP = NO;
				DEBUG_INFORMATION_FORMAT = "dwarf-with-dsym";
				ENABLE_NS_ASSERTIONS = NO;
				ENABLE_STRICT_OBJC_MSGSEND = YES;
				GCC_C_LANGUAGE_STANDARD = gnu99;
				GCC_NO_COMMON_BLOCKS = YES;
				GCC_WARN_64_TO_32_BIT_CONVERSION = YES;
				GCC_WARN_ABOUT_RETURN_TYPE = YES_ERROR;
				GCC_WARN_UNDECLARED_SELECTOR = YES;
				GCC_WARN_UNINITIALIZED_AUTOS = YES_AGGRESSIVE;
				GCC_WARN_UNUSED_FUNCTION = YES;
				GCC_WARN_UNUSED_VARIABLE = YES;
				IPHONEOS_DEPLOYMENT_TARGET = 8.0;
				MTL_ENABLE_DEBUG_INFO = NO;
				SDKROOT = iphoneos;
				SWIFT_OPTIMIZATION_LEVEL = "-Owholemodule";
				VALIDATE_PRODUCT = YES;
			};
			name = Release;
		};
		178B9D271C5F0DB70074A077 /* Debug */ = {
			isa = XCBuildConfiguration;
			buildSettings = {
				ASSETCATALOG_COMPILER_APPICON_NAME = AppIcon;
				CLANG_ENABLE_MODULES = YES;
				CODE_SIGN_IDENTITY = "iPhone Developer";
				"CODE_SIGN_IDENTITY[sdk=iphoneos*]" = "iPhone Developer";
				DEFINES_MODULE = YES;
				INFOPLIST_FILE = "zone-in/Info.plist";
				IPHONEOS_DEPLOYMENT_TARGET = 8.0;
				LD_RUNPATH_SEARCH_PATHS = "$(inherited) @executable_path/Frameworks";
				PRODUCT_BUNDLE_IDENTIFIER = "com.zonein.zone-in";
				PRODUCT_NAME = "$(TARGET_NAME)";
				PROVISIONING_PROFILE = "";
				SWIFT_OBJC_BRIDGING_HEADER = "zone-in/zone-in-Bridging-Header.h";
				SWIFT_OPTIMIZATION_LEVEL = "-Onone";
				SWIFT_VERSION = 3.0;
			};
			name = Debug;
		};
		178B9D281C5F0DB70074A077 /* Release */ = {
			isa = XCBuildConfiguration;
			buildSettings = {
				ASSETCATALOG_COMPILER_APPICON_NAME = AppIcon;
				CLANG_ENABLE_MODULES = YES;
				CODE_SIGN_IDENTITY = "iPhone Developer";
				"CODE_SIGN_IDENTITY[sdk=iphoneos*]" = "iPhone Developer";
				DEFINES_MODULE = YES;
				INFOPLIST_FILE = "zone-in/Info.plist";
				IPHONEOS_DEPLOYMENT_TARGET = 8.0;
				LD_RUNPATH_SEARCH_PATHS = "$(inherited) @executable_path/Frameworks";
				PRODUCT_BUNDLE_IDENTIFIER = "com.zonein.zone-in";
				PRODUCT_NAME = "$(TARGET_NAME)";
				PROVISIONING_PROFILE = "";
				SWIFT_OBJC_BRIDGING_HEADER = "zone-in/zone-in-Bridging-Header.h";
				SWIFT_VERSION = 3.0;
			};
			name = Release;
		};
		178B9D2A1C5F0DB70074A077 /* Debug */ = {
			isa = XCBuildConfiguration;
			buildSettings = {
				BUNDLE_LOADER = "$(TEST_HOST)";
				INFOPLIST_FILE = "zone-inTests/Info.plist";
				LD_RUNPATH_SEARCH_PATHS = "$(inherited) @executable_path/Frameworks @loader_path/Frameworks";
				PRODUCT_BUNDLE_IDENTIFIER = "com.zonein.zone-inTests";
				PRODUCT_NAME = "$(TARGET_NAME)";
				SWIFT_VERSION = 3.0;
				TEST_HOST = "$(BUILT_PRODUCTS_DIR)/zone-in.app/zone-in";
			};
			name = Debug;
		};
		178B9D2B1C5F0DB70074A077 /* Release */ = {
			isa = XCBuildConfiguration;
			buildSettings = {
				BUNDLE_LOADER = "$(TEST_HOST)";
				INFOPLIST_FILE = "zone-inTests/Info.plist";
				LD_RUNPATH_SEARCH_PATHS = "$(inherited) @executable_path/Frameworks @loader_path/Frameworks";
				PRODUCT_BUNDLE_IDENTIFIER = "com.zonein.zone-inTests";
				PRODUCT_NAME = "$(TARGET_NAME)";
				SWIFT_VERSION = 3.0;
				TEST_HOST = "$(BUILT_PRODUCTS_DIR)/zone-in.app/zone-in";
			};
			name = Release;
		};
		178B9D2D1C5F0DB70074A077 /* Debug */ = {
			isa = XCBuildConfiguration;
			buildSettings = {
				INFOPLIST_FILE = "zone-inUITests/Info.plist";
				LD_RUNPATH_SEARCH_PATHS = "$(inherited) @executable_path/Frameworks @loader_path/Frameworks";
				PRODUCT_BUNDLE_IDENTIFIER = "com.zonein.zone-inUITests";
				PRODUCT_NAME = "$(TARGET_NAME)";
				SWIFT_VERSION = 3.0;
				TEST_TARGET_NAME = "zone-in";
				USES_XCTRUNNER = YES;
			};
			name = Debug;
		};
		178B9D2E1C5F0DB70074A077 /* Release */ = {
			isa = XCBuildConfiguration;
			buildSettings = {
				INFOPLIST_FILE = "zone-inUITests/Info.plist";
				LD_RUNPATH_SEARCH_PATHS = "$(inherited) @executable_path/Frameworks @loader_path/Frameworks";
				PRODUCT_BUNDLE_IDENTIFIER = "com.zonein.zone-inUITests";
				PRODUCT_NAME = "$(TARGET_NAME)";
				SWIFT_VERSION = 3.0;
				TEST_TARGET_NAME = "zone-in";
				USES_XCTRUNNER = YES;
			};
			name = Release;
		};
/* End XCBuildConfiguration section */

/* Begin XCConfigurationList section */
		178B9CF61C5F0DB60074A077 /* Build configuration list for PBXProject "zone-in" */ = {
			isa = XCConfigurationList;
			buildConfigurations = (
				178B9D241C5F0DB70074A077 /* Debug */,
				178B9D251C5F0DB70074A077 /* Release */,
			);
			defaultConfigurationIsVisible = 0;
			defaultConfigurationName = Release;
		};
		178B9D261C5F0DB70074A077 /* Build configuration list for PBXNativeTarget "zone-in" */ = {
			isa = XCConfigurationList;
			buildConfigurations = (
				178B9D271C5F0DB70074A077 /* Debug */,
				178B9D281C5F0DB70074A077 /* Release */,
			);
			defaultConfigurationIsVisible = 0;
			defaultConfigurationName = Release;
		};
		178B9D291C5F0DB70074A077 /* Build configuration list for PBXNativeTarget "zone-inTests" */ = {
			isa = XCConfigurationList;
			buildConfigurations = (
				178B9D2A1C5F0DB70074A077 /* Debug */,
				178B9D2B1C5F0DB70074A077 /* Release */,
			);
			defaultConfigurationIsVisible = 0;
			defaultConfigurationName = Release;
		};
		178B9D2C1C5F0DB70074A077 /* Build configuration list for PBXNativeTarget "zone-inUITests" */ = {
			isa = XCConfigurationList;
			buildConfigurations = (
				178B9D2D1C5F0DB70074A077 /* Debug */,
				178B9D2E1C5F0DB70074A077 /* Release */,
			);
			defaultConfigurationIsVisible = 0;
			defaultConfigurationName = Release;
		};
/* End XCConfigurationList section */

/* Begin XCVersionGroup section */
		178B9D051C5F0DB60074A077 /* zone_in.xcdatamodeld */ = {
			isa = XCVersionGroup;
			children = (
				178B9D061C5F0DB60074A077 /* zone_in.xcdatamodel */,
			);
			currentVersion = 178B9D061C5F0DB60074A077 /* zone_in.xcdatamodel */;
			path = zone_in.xcdatamodeld;
			sourceTree = "<group>";
			versionGroupType = wrapper.xcdatamodel;
		};
/* End XCVersionGroup section */
	};
	rootObject = 178B9CF31C5F0DB60074A077 /* Project object */;
}
