// !$*UTF8*$!
{
	archiveVersion = 1;
	classes = {
	};
	objectVersion = 46;
	objects = {

/* Begin PBXBuildFile section */
		177145F61AC0CB380052809F /* StoreViewController.swift in Sources */ = {isa = PBXBuildFile; fileRef = 177145F51AC0CB380052809F /* StoreViewController.swift */; };
		1775F2A41AD31E0500D2913A /* QuitViewController.swift in Sources */ = {isa = PBXBuildFile; fileRef = 1775F2A31AD31E0500D2913A /* QuitViewController.swift */; };
		17B4791D1AD6266F002DAB65 /* Bauhaus93.ttf in Resources */ = {isa = PBXBuildFile; fileRef = 17B4791C1AD6266F002DAB65 /* Bauhaus93.ttf */; };
		17B4791E1AD6268A002DAB65 /* Bauhaus93.ttf in Sources */ = {isa = PBXBuildFile; fileRef = 17B4791C1AD6266F002DAB65 /* Bauhaus93.ttf */; };
		17C4F1701AA9270500CAF74F /* AppDelegate.swift in Sources */ = {isa = PBXBuildFile; fileRef = 17C4F16F1AA9270500CAF74F /* AppDelegate.swift */; };
		17C4F1751AA9270500CAF74F /* Main.storyboard in Resources */ = {isa = PBXBuildFile; fileRef = 17C4F1731AA9270500CAF74F /* Main.storyboard */; };
		17C4F1771AA9270500CAF74F /* Images.xcassets in Resources */ = {isa = PBXBuildFile; fileRef = 17C4F1761AA9270500CAF74F /* Images.xcassets */; };
		17C4F17A1AA9270600CAF74F /* LaunchScreen.xib in Resources */ = {isa = PBXBuildFile; fileRef = 17C4F1781AA9270600CAF74F /* LaunchScreen.xib */; };
		17C4F1861AA9270600CAF74F /* Zone_inTests.swift in Sources */ = {isa = PBXBuildFile; fileRef = 17C4F1851AA9270600CAF74F /* Zone_inTests.swift */; };
		17C4F1921AA96B5B00CAF74F /* LockNotifierCallback.m in Sources */ = {isa = PBXBuildFile; fileRef = 17C4F1911AA96B5B00CAF74F /* LockNotifierCallback.m */; };
		17C4F1961AA97A3500CAF74F /* Singleton.swift in Sources */ = {isa = PBXBuildFile; fileRef = 17C4F1951AA97A3500CAF74F /* Singleton.swift */; };
		17C75FC01AC5170F00A3586E /* SelectTimeViewController.swift in Sources */ = {isa = PBXBuildFile; fileRef = 17C75FBF1AC5170F00A3586E /* SelectTimeViewController.swift */; };
		17C75FC21AC5172A00A3586E /* SelectPrizeViewController.swift in Sources */ = {isa = PBXBuildFile; fileRef = 17C75FC11AC5172A00A3586E /* SelectPrizeViewController.swift */; };
		17C75FC41AC5175300A3586E /* TimerViewController.swift in Sources */ = {isa = PBXBuildFile; fileRef = 17C75FC31AC5175300A3586E /* TimerViewController.swift */; };
		17F379641ADCBFE500B81CDE /* TestViewController.swift in Sources */ = {isa = PBXBuildFile; fileRef = 17F379631ADCBFE500B81CDE /* TestViewController.swift */; };
/* End PBXBuildFile section */

/* Begin PBXContainerItemProxy section */
		17C4F1801AA9270600CAF74F /* PBXContainerItemProxy */ = {
			isa = PBXContainerItemProxy;
			containerPortal = 17C4F1621AA9270400CAF74F /* Project object */;
			proxyType = 1;
			remoteGlobalIDString = 17C4F1691AA9270400CAF74F;
			remoteInfo = "Zone'in";
		};
/* End PBXContainerItemProxy section */

/* Begin PBXFileReference section */
		177145F51AC0CB380052809F /* StoreViewController.swift */ = {isa = PBXFileReference; fileEncoding = 4; lastKnownFileType = sourcecode.swift; path = StoreViewController.swift; sourceTree = "<group>"; };
		1775F2A31AD31E0500D2913A /* QuitViewController.swift */ = {isa = PBXFileReference; fileEncoding = 4; lastKnownFileType = sourcecode.swift; path = QuitViewController.swift; sourceTree = "<group>"; };
		17B4791C1AD6266F002DAB65 /* Bauhaus93.ttf */ = {isa = PBXFileReference; lastKnownFileType = file; path = Bauhaus93.ttf; sourceTree = "<group>"; };
		17C4F16A1AA9270400CAF74F /* Zone'in.app */ = {isa = PBXFileReference; explicitFileType = wrapper.application; includeInIndex = 0; path = "Zone'in.app"; sourceTree = BUILT_PRODUCTS_DIR; };
		17C4F16E1AA9270500CAF74F /* Info.plist */ = {isa = PBXFileReference; lastKnownFileType = text.plist.xml; path = Info.plist; sourceTree = "<group>"; };
		17C4F16F1AA9270500CAF74F /* AppDelegate.swift */ = {isa = PBXFileReference; lastKnownFileType = sourcecode.swift; path = AppDelegate.swift; sourceTree = "<group>"; };
		17C4F1741AA9270500CAF74F /* Base */ = {isa = PBXFileReference; lastKnownFileType = file.storyboard; name = Base; path = Base.lproj/Main.storyboard; sourceTree = "<group>"; };
		17C4F1761AA9270500CAF74F /* Images.xcassets */ = {isa = PBXFileReference; lastKnownFileType = folder.assetcatalog; path = Images.xcassets; sourceTree = "<group>"; };
		17C4F1791AA9270600CAF74F /* Base */ = {isa = PBXFileReference; lastKnownFileType = file.xib; name = Base; path = Base.lproj/LaunchScreen.xib; sourceTree = "<group>"; };
		17C4F17F1AA9270600CAF74F /* Zone'inTests.xctest */ = {isa = PBXFileReference; explicitFileType = wrapper.cfbundle; includeInIndex = 0; path = "Zone'inTests.xctest"; sourceTree = BUILT_PRODUCTS_DIR; };
		17C4F1841AA9270600CAF74F /* Info.plist */ = {isa = PBXFileReference; lastKnownFileType = text.plist.xml; path = Info.plist; sourceTree = "<group>"; };
		17C4F1851AA9270600CAF74F /* Zone_inTests.swift */ = {isa = PBXFileReference; lastKnownFileType = sourcecode.swift; path = Zone_inTests.swift; sourceTree = "<group>"; };
		17C4F18F1AA96B5B00CAF74F /* Zone'in-Bridging-Header.h */ = {isa = PBXFileReference; lastKnownFileType = sourcecode.c.h; path = "Zone'in-Bridging-Header.h"; sourceTree = "<group>"; };
		17C4F1901AA96B5B00CAF74F /* LockNotifierCallback.h */ = {isa = PBXFileReference; fileEncoding = 4; lastKnownFileType = sourcecode.c.h; path = LockNotifierCallback.h; sourceTree = "<group>"; };
		17C4F1911AA96B5B00CAF74F /* LockNotifierCallback.m */ = {isa = PBXFileReference; fileEncoding = 4; lastKnownFileType = sourcecode.c.objc; path = LockNotifierCallback.m; sourceTree = "<group>"; };
		17C4F1951AA97A3500CAF74F /* Singleton.swift */ = {isa = PBXFileReference; fileEncoding = 4; lastKnownFileType = sourcecode.swift; name = Singleton.swift; path = ../Singleton.swift; sourceTree = "<group>"; };
		17C75FBF1AC5170F00A3586E /* SelectTimeViewController.swift */ = {isa = PBXFileReference; fileEncoding = 4; lastKnownFileType = sourcecode.swift; path = SelectTimeViewController.swift; sourceTree = "<group>"; };
		17C75FC11AC5172A00A3586E /* SelectPrizeViewController.swift */ = {isa = PBXFileReference; fileEncoding = 4; lastKnownFileType = sourcecode.swift; path = SelectPrizeViewController.swift; sourceTree = "<group>"; };
		17C75FC31AC5175300A3586E /* TimerViewController.swift */ = {isa = PBXFileReference; fileEncoding = 4; lastKnownFileType = sourcecode.swift; path = TimerViewController.swift; sourceTree = "<group>"; };
		17F379631ADCBFE500B81CDE /* TestViewController.swift */ = {isa = PBXFileReference; fileEncoding = 4; lastKnownFileType = sourcecode.swift; path = TestViewController.swift; sourceTree = "<group>"; };
/* End PBXFileReference section */

/* Begin PBXFrameworksBuildPhase section */
		17C4F1671AA9270400CAF74F /* Frameworks */ = {
			isa = PBXFrameworksBuildPhase;
			buildActionMask = 2147483647;
			files = (
			);
			runOnlyForDeploymentPostprocessing = 0;
		};
		17C4F17C1AA9270600CAF74F /* Frameworks */ = {
			isa = PBXFrameworksBuildPhase;
			buildActionMask = 2147483647;
			files = (
			);
			runOnlyForDeploymentPostprocessing = 0;
		};
/* End PBXFrameworksBuildPhase section */

/* Begin PBXGroup section */
		17B479151AD623F4002DAB65 /* res */ = {
			isa = PBXGroup;
			children = (
				17B4791C1AD6266F002DAB65 /* Bauhaus93.ttf */,
			);
			path = res;
			sourceTree = "<group>";
		};
		17C4F1611AA9270400CAF74F = {
			isa = PBXGroup;
			children = (
				17C4F16C1AA9270400CAF74F /* Zone'in */,
				17C4F1821AA9270600CAF74F /* Zone'inTests */,
				17C4F16B1AA9270400CAF74F /* Products */,
			);
			sourceTree = "<group>";
		};
		17C4F16B1AA9270400CAF74F /* Products */ = {
			isa = PBXGroup;
			children = (
				17C4F16A1AA9270400CAF74F /* Zone'in.app */,
				17C4F17F1AA9270600CAF74F /* Zone'inTests.xctest */,
			);
			name = Products;
			sourceTree = "<group>";
		};
		17C4F16C1AA9270400CAF74F /* Zone'in */ = {
			isa = PBXGroup;
			children = (
				17B479151AD623F4002DAB65 /* res */,
				17C4F16F1AA9270500CAF74F /* AppDelegate.swift */,
				17C4F1731AA9270500CAF74F /* Main.storyboard */,
				1775F2A31AD31E0500D2913A /* QuitViewController.swift */,
				17C75FC31AC5175300A3586E /* TimerViewController.swift */,
				17C75FC11AC5172A00A3586E /* SelectPrizeViewController.swift */,
				17C75FBF1AC5170F00A3586E /* SelectTimeViewController.swift */,
				177145F51AC0CB380052809F /* StoreViewController.swift */,
				17F379631ADCBFE500B81CDE /* TestViewController.swift */,
				17C4F1951AA97A3500CAF74F /* Singleton.swift */,
				17C4F1901AA96B5B00CAF74F /* LockNotifierCallback.h */,
				17C4F1911AA96B5B00CAF74F /* LockNotifierCallback.m */,
				17C4F1761AA9270500CAF74F /* Images.xcassets */,
				17C4F1781AA9270600CAF74F /* LaunchScreen.xib */,
				17C4F16D1AA9270500CAF74F /* Supporting Files */,
				17C4F18F1AA96B5B00CAF74F /* Zone'in-Bridging-Header.h */,
			);
			path = "Zone'in";
			sourceTree = "<group>";
		};
		17C4F16D1AA9270500CAF74F /* Supporting Files */ = {
			isa = PBXGroup;
			children = (
				17C4F16E1AA9270500CAF74F /* Info.plist */,
			);
			name = "Supporting Files";
			sourceTree = "<group>";
		};
		17C4F1821AA9270600CAF74F /* Zone'inTests */ = {
			isa = PBXGroup;
			children = (
				17C4F1851AA9270600CAF74F /* Zone_inTests.swift */,
				17C4F1831AA9270600CAF74F /* Supporting Files */,
			);
			path = "Zone'inTests";
			sourceTree = "<group>";
		};
		17C4F1831AA9270600CAF74F /* Supporting Files */ = {
			isa = PBXGroup;
			children = (
				17C4F1841AA9270600CAF74F /* Info.plist */,
			);
			name = "Supporting Files";
			sourceTree = "<group>";
		};
/* End PBXGroup section */

/* Begin PBXNativeTarget section */
		17C4F1691AA9270400CAF74F /* Zone'in */ = {
			isa = PBXNativeTarget;
			buildConfigurationList = 17C4F1891AA9270600CAF74F /* Build configuration list for PBXNativeTarget "Zone'in" */;
			buildPhases = (
				17C4F1661AA9270400CAF74F /* Sources */,
				17C4F1671AA9270400CAF74F /* Frameworks */,
				17C4F1681AA9270400CAF74F /* Resources */,
			);
			buildRules = (
			);
			dependencies = (
			);
			name = "Zone'in";
			productName = "Zone'in";
			productReference = 17C4F16A1AA9270400CAF74F /* Zone'in.app */;
			productType = "com.apple.product-type.application";
		};
		17C4F17E1AA9270600CAF74F /* Zone'inTests */ = {
			isa = PBXNativeTarget;
			buildConfigurationList = 17C4F18C1AA9270600CAF74F /* Build configuration list for PBXNativeTarget "Zone'inTests" */;
			buildPhases = (
				17C4F17B1AA9270600CAF74F /* Sources */,
				17C4F17C1AA9270600CAF74F /* Frameworks */,
				17C4F17D1AA9270600CAF74F /* Resources */,
			);
			buildRules = (
			);
			dependencies = (
				17C4F1811AA9270600CAF74F /* PBXTargetDependency */,
			);
			name = "Zone'inTests";
			productName = "Zone'inTests";
			productReference = 17C4F17F1AA9270600CAF74F /* Zone'inTests.xctest */;
			productType = "com.apple.product-type.bundle.unit-test";
		};
/* End PBXNativeTarget section */

/* Begin PBXProject section */
		17C4F1621AA9270400CAF74F /* Project object */ = {
			isa = PBXProject;
			attributes = {
				LastUpgradeCheck = 0610;
				ORGANIZATIONNAME = Rean;
				TargetAttributes = {
					17C4F1691AA9270400CAF74F = {
						CreatedOnToolsVersion = 6.1.1;
					};
					17C4F17E1AA9270600CAF74F = {
						CreatedOnToolsVersion = 6.1.1;
						TestTargetID = 17C4F1691AA9270400CAF74F;
					};
				};
			};
			buildConfigurationList = 17C4F1651AA9270400CAF74F /* Build configuration list for PBXProject "Zone'in" */;
			compatibilityVersion = "Xcode 3.2";
			developmentRegion = English;
			hasScannedForEncodings = 0;
			knownRegions = (
				en,
				Base,
			);
			mainGroup = 17C4F1611AA9270400CAF74F;
			productRefGroup = 17C4F16B1AA9270400CAF74F /* Products */;
			projectDirPath = "";
			projectRoot = "";
			targets = (
				17C4F1691AA9270400CAF74F /* Zone'in */,
				17C4F17E1AA9270600CAF74F /* Zone'inTests */,
			);
		};
/* End PBXProject section */

/* Begin PBXResourcesBuildPhase section */
		17C4F1681AA9270400CAF74F /* Resources */ = {
			isa = PBXResourcesBuildPhase;
			buildActionMask = 2147483647;
			files = (
				17C4F1751AA9270500CAF74F /* Main.storyboard in Resources */,
				17C4F17A1AA9270600CAF74F /* LaunchScreen.xib in Resources */,
				17B4791D1AD6266F002DAB65 /* Bauhaus93.ttf in Resources */,
				17C4F1771AA9270500CAF74F /* Images.xcassets in Resources */,
			);
			runOnlyForDeploymentPostprocessing = 0;
		};
		17C4F17D1AA9270600CAF74F /* Resources */ = {
			isa = PBXResourcesBuildPhase;
			buildActionMask = 2147483647;
			files = (
			);
			runOnlyForDeploymentPostprocessing = 0;
		};
/* End PBXResourcesBuildPhase section */

/* Begin PBXSourcesBuildPhase section */
		17C4F1661AA9270400CAF74F /* Sources */ = {
			isa = PBXSourcesBuildPhase;
			buildActionMask = 2147483647;
			files = (
				17F379641ADCBFE500B81CDE /* TestViewController.swift in Sources */,
				17B4791E1AD6268A002DAB65 /* Bauhaus93.ttf in Sources */,
				177145F61AC0CB380052809F /* StoreViewController.swift in Sources */,
				17C75FC01AC5170F00A3586E /* SelectTimeViewController.swift in Sources */,
				17C4F1921AA96B5B00CAF74F /* LockNotifierCallback.m in Sources */,
				17C75FC21AC5172A00A3586E /* SelectPrizeViewController.swift in Sources */,
				17C75FC41AC5175300A3586E /* TimerViewController.swift in Sources */,
				17C4F1961AA97A3500CAF74F /* Singleton.swift in Sources */,
				1775F2A41AD31E0500D2913A /* QuitViewController.swift in Sources */,
				17C4F1701AA9270500CAF74F /* AppDelegate.swift in Sources */,
			);
			runOnlyForDeploymentPostprocessing = 0;
		};
		17C4F17B1AA9270600CAF74F /* Sources */ = {
			isa = PBXSourcesBuildPhase;
			buildActionMask = 2147483647;
			files = (
				17C4F1861AA9270600CAF74F /* Zone_inTests.swift in Sources */,
			);
			runOnlyForDeploymentPostprocessing = 0;
		};
/* End PBXSourcesBuildPhase section */

/* Begin PBXTargetDependency section */
		17C4F1811AA9270600CAF74F /* PBXTargetDependency */ = {
			isa = PBXTargetDependency;
			target = 17C4F1691AA9270400CAF74F /* Zone'in */;
			targetProxy = 17C4F1801AA9270600CAF74F /* PBXContainerItemProxy */;
		};
/* End PBXTargetDependency section */

/* Begin PBXVariantGroup section */
		17C4F1731AA9270500CAF74F /* Main.storyboard */ = {
			isa = PBXVariantGroup;
			children = (
				17C4F1741AA9270500CAF74F /* Base */,
			);
			name = Main.storyboard;
			sourceTree = "<group>";
		};
		17C4F1781AA9270600CAF74F /* LaunchScreen.xib */ = {
			isa = PBXVariantGroup;
			children = (
				17C4F1791AA9270600CAF74F /* Base */,
			);
			name = LaunchScreen.xib;
			sourceTree = "<group>";
		};
/* End PBXVariantGroup section */

/* Begin XCBuildConfiguration section */
		17C4F1871AA9270600CAF74F /* Debug */ = {
			isa = XCBuildConfiguration;
			buildSettings = {
				ALWAYS_SEARCH_USER_PATHS = NO;
				CLANG_CXX_LANGUAGE_STANDARD = "gnu++0x";
				CLANG_CXX_LIBRARY = "libc++";
				CLANG_ENABLE_MODULES = YES;
				CLANG_ENABLE_OBJC_ARC = YES;
				CLANG_WARN_BOOL_CONVERSION = YES;
				CLANG_WARN_CONSTANT_CONVERSION = YES;
				CLANG_WARN_DIRECT_OBJC_ISA_USAGE = YES_ERROR;
				CLANG_WARN_EMPTY_BODY = YES;
				CLANG_WARN_ENUM_CONVERSION = YES;
				CLANG_WARN_INT_CONVERSION = YES;
				CLANG_WARN_OBJC_ROOT_CLASS = YES_ERROR;
				CLANG_WARN_UNREACHABLE_CODE = YES;
				CLANG_WARN__DUPLICATE_METHOD_MATCH = YES;
				"CODE_SIGN_IDENTITY[sdk=iphoneos*]" = "iPhone Developer";
				COPY_PHASE_STRIP = NO;
				ENABLE_STRICT_OBJC_MSGSEND = YES;
				GCC_C_LANGUAGE_STANDARD = gnu99;
				GCC_DYNAMIC_NO_PIC = NO;
				GCC_OPTIMIZATION_LEVEL = 0;
				GCC_PREPROCESSOR_DEFINITIONS = (
					"DEBUG=1",
					"$(inherited)",
				);
				GCC_SYMBOLS_PRIVATE_EXTERN = NO;
				GCC_WARN_64_TO_32_BIT_CONVERSION = YES;
				GCC_WARN_ABOUT_RETURN_TYPE = YES_ERROR;
				GCC_WARN_UNDECLARED_SELECTOR = YES;
				GCC_WARN_UNINITIALIZED_AUTOS = YES_AGGRESSIVE;
				GCC_WARN_UNUSED_FUNCTION = YES;
				GCC_WARN_UNUSED_VARIABLE = YES;
				IPHONEOS_DEPLOYMENT_TARGET = 8.1;
				MTL_ENABLE_DEBUG_INFO = YES;
				ONLY_ACTIVE_ARCH = YES;
				SDKROOT = iphoneos;
				SWIFT_OPTIMIZATION_LEVEL = "-Onone";
			};
			name = Debug;
		};
		17C4F1881AA9270600CAF74F /* Release */ = {
			isa = XCBuildConfiguration;
			buildSettings = {
				ALWAYS_SEARCH_USER_PATHS = NO;
				CLANG_CXX_LANGUAGE_STANDARD = "gnu++0x";
				CLANG_CXX_LIBRARY = "libc++";
				CLANG_ENABLE_MODULES = YES;
				CLANG_ENABLE_OBJC_ARC = YES;
				CLANG_WARN_BOOL_CONVERSION = YES;
				CLANG_WARN_CONSTANT_CONVERSION = YES;
				CLANG_WARN_DIRECT_OBJC_ISA_USAGE = YES_ERROR;
				CLANG_WARN_EMPTY_BODY = YES;
				CLANG_WARN_ENUM_CONVERSION = YES;
				CLANG_WARN_INT_CONVERSION = YES;
				CLANG_WARN_OBJC_ROOT_CLASS = YES_ERROR;
				CLANG_WARN_UNREACHABLE_CODE = YES;
				CLANG_WARN__DUPLICATE_METHOD_MATCH = YES;
				"CODE_SIGN_IDENTITY[sdk=iphoneos*]" = "iPhone Developer";
				COPY_PHASE_STRIP = YES;
				ENABLE_NS_ASSERTIONS = NO;
				ENABLE_STRICT_OBJC_MSGSEND = YES;
				GCC_C_LANGUAGE_STANDARD = gnu99;
				GCC_WARN_64_TO_32_BIT_CONVERSION = YES;
				GCC_WARN_ABOUT_RETURN_TYPE = YES_ERROR;
				GCC_WARN_UNDECLARED_SELECTOR = YES;
				GCC_WARN_UNINITIALIZED_AUTOS = YES_AGGRESSIVE;
				GCC_WARN_UNUSED_FUNCTION = YES;
				GCC_WARN_UNUSED_VARIABLE = YES;
				IPHONEOS_DEPLOYMENT_TARGET = 8.1;
				MTL_ENABLE_DEBUG_INFO = NO;
				SDKROOT = iphoneos;
				VALIDATE_PRODUCT = YES;
			};
			name = Release;
		};
		17C4F18A1AA9270600CAF74F /* Debug */ = {
			isa = XCBuildConfiguration;
			buildSettings = {
				ASSETCATALOG_COMPILER_APPICON_NAME = AppIcon;
				CLANG_ENABLE_MODULES = YES;
				DEFINES_MODULE = NO;
				GCC_ENABLE_OBJC_EXCEPTIONS = YES;
				INFOPLIST_FILE = "Zone'in/Info.plist";
				LD_RUNPATH_SEARCH_PATHS = "$(inherited) @executable_path/Frameworks";
				PRODUCT_NAME = "$(TARGET_NAME)";
				SWIFT_INSTALL_OBJC_HEADER = YES;
				SWIFT_OBJC_BRIDGING_HEADER = "Zone'in/Zone'in-Bridging-Header.h";
				SWIFT_OPTIMIZATION_LEVEL = "-Onone";
			};
			name = Debug;
		};
		17C4F18B1AA9270600CAF74F /* Release */ = {
			isa = XCBuildConfiguration;
			buildSettings = {
				ASSETCATALOG_COMPILER_APPICON_NAME = AppIcon;
				CLANG_ENABLE_MODULES = YES;
				DEFINES_MODULE = NO;
				GCC_ENABLE_OBJC_EXCEPTIONS = YES;
				INFOPLIST_FILE = "Zone'in/Info.plist";
				LD_RUNPATH_SEARCH_PATHS = "$(inherited) @executable_path/Frameworks";
				PRODUCT_NAME = "$(TARGET_NAME)";
				SWIFT_INSTALL_OBJC_HEADER = YES;
				SWIFT_OBJC_BRIDGING_HEADER = "Zone'in/Zone'in-Bridging-Header.h";
			};
			name = Release;
		};
		17C4F18D1AA9270600CAF74F /* Debug */ = {
			isa = XCBuildConfiguration;
			buildSettings = {
				BUNDLE_LOADER = "$(TEST_HOST)";
				FRAMEWORK_SEARCH_PATHS = (
					"$(SDKROOT)/Developer/Library/Frameworks",
					"$(inherited)",
				);
				GCC_PREPROCESSOR_DEFINITIONS = (
					"DEBUG=1",
					"$(inherited)",
				);
				INFOPLIST_FILE = "Zone'inTests/Info.plist";
				LD_RUNPATH_SEARCH_PATHS = "$(inherited) @executable_path/Frameworks @loader_path/Frameworks";
				PRODUCT_NAME = "$(TARGET_NAME)";
				TEST_HOST = "$(BUILT_PRODUCTS_DIR)/Zone'in.app/Zone'in";
			};
			name = Debug;
		};
		17C4F18E1AA9270600CAF74F /* Release */ = {
			isa = XCBuildConfiguration;
			buildSettings = {
				BUNDLE_LOADER = "$(TEST_HOST)";
				FRAMEWORK_SEARCH_PATHS = (
					"$(SDKROOT)/Developer/Library/Frameworks",
					"$(inherited)",
				);
				INFOPLIST_FILE = "Zone'inTests/Info.plist";
				LD_RUNPATH_SEARCH_PATHS = "$(inherited) @executable_path/Frameworks @loader_path/Frameworks";
				PRODUCT_NAME = "$(TARGET_NAME)";
				TEST_HOST = "$(BUILT_PRODUCTS_DIR)/Zone'in.app/Zone'in";
			};
			name = Release;
		};
/* End XCBuildConfiguration section */

/* Begin XCConfigurationList section */
		17C4F1651AA9270400CAF74F /* Build configuration list for PBXProject "Zone'in" */ = {
			isa = XCConfigurationList;
			buildConfigurations = (
				17C4F1871AA9270600CAF74F /* Debug */,
				17C4F1881AA9270600CAF74F /* Release */,
			);
			defaultConfigurationIsVisible = 0;
			defaultConfigurationName = Release;
		};
		17C4F1891AA9270600CAF74F /* Build configuration list for PBXNativeTarget "Zone'in" */ = {
			isa = XCConfigurationList;
			buildConfigurations = (
				17C4F18A1AA9270600CAF74F /* Debug */,
				17C4F18B1AA9270600CAF74F /* Release */,
			);
			defaultConfigurationIsVisible = 0;
			defaultConfigurationName = Release;
		};
		17C4F18C1AA9270600CAF74F /* Build configuration list for PBXNativeTarget "Zone'inTests" */ = {
			isa = XCConfigurationList;
			buildConfigurations = (
				17C4F18D1AA9270600CAF74F /* Debug */,
				17C4F18E1AA9270600CAF74F /* Release */,
			);
			defaultConfigurationIsVisible = 0;
			defaultConfigurationName = Release;
		};
/* End XCConfigurationList section */
	};
	rootObject = 17C4F1621AA9270400CAF74F /* Project object */;
}
